
Microsoft Visual Studio Solution File, Format Version 12.00
# Visual Studio Version 16
VisualStudioVersion = 16.0.31729.503
MinimumVisualStudioVersion = 10.0.40219.1
Project("{9A19103F-16F7-4668-BE54-9A1E7A4F7556}") = "VaccinationSystem", "VaccinationSystem\VaccinationSystem.csproj", "{0534E707-3B9A-420D-8E9C-0BE91034232F}"
EndProject
Project("{FAE04EC0-301F-11D3-BF4B-00C04F79EFBC}") = "VaccinationSystem.UnitTests", "VaccinationSystem.UnitTests\VaccinationSystem.UnitTests.csproj", "{3B5D28BE-1C59-4B09-9D6C-28D2E5BC4DA4}"
EndProject
Global
	GlobalSection(SolutionConfigurationPlatforms) = preSolution
		Debug|Any CPU = Debug|Any CPU
		Release|Any CPU = Release|Any CPU
	EndGlobalSection
	GlobalSection(ProjectConfigurationPlatforms) = postSolution
		{0534E707-3B9A-420D-8E9C-0BE91034232F}.Debug|Any CPU.ActiveCfg = Debug|Any CPU
		{0534E707-3B9A-420D-8E9C-0BE91034232F}.Debug|Any CPU.Build.0 = Debug|Any CPU
		{0534E707-3B9A-420D-8E9C-0BE91034232F}.Release|Any CPU.ActiveCfg = Release|Any CPU
		{0534E707-3B9A-420D-8E9C-0BE91034232F}.Release|Any CPU.Build.0 = Release|Any CPU
		{3B5D28BE-1C59-4B09-9D6C-28D2E5BC4DA4}.Debug|Any CPU.ActiveCfg = Debug|Any CPU
		{3B5D28BE-1C59-4B09-9D6C-28D2E5BC4DA4}.Debug|Any CPU.Build.0 = Debug|Any CPU
		{3B5D28BE-1C59-4B09-9D6C-28D2E5BC4DA4}.Release|Any CPU.ActiveCfg = Release|Any CPU
		{3B5D28BE-1C59-4B09-9D6C-28D2E5BC4DA4}.Release|Any CPU.Build.0 = Release|Any CPU
	EndGlobalSection
	GlobalSection(SolutionProperties) = preSolution
		HideSolutionNode = FALSE
	EndGlobalSection
	GlobalSection(ExtensibilityGlobals) = postSolution
		SolutionGuid = {C5DFD15C-4BCC-4204-B794-0011CF2D28F6}
	EndGlobalSection
EndGlobal
